
Microsoft Visual Studio Solution File, Format Version 12.00
# Visual Studio Version 16
VisualStudioVersion = 16.0.29411.108
MinimumVisualStudioVersion = 10.0.40219.1
Project("{FAE04EC0-301F-11D3-BF4B-00C04F79EFBC}") = "arizonaTouristAttractionsFinal", "arizonaTouristAttractionsFinal\arizonaTouristAttractionsFinal.csproj", "{F64D3E02-9E86-4892-AF11-4E36A575490E}"
EndProject
Global
	GlobalSection(SolutionConfigurationPlatforms) = preSolution
		Debug|Any CPU = Debug|Any CPU
		Release|Any CPU = Release|Any CPU
	EndGlobalSection
	GlobalSection(ProjectConfigurationPlatforms) = postSolution
		{F64D3E02-9E86-4892-AF11-4E36A575490E}.Debug|Any CPU.ActiveCfg = Debug|Any CPU
		{F64D3E02-9E86-4892-AF11-4E36A575490E}.Debug|Any CPU.Build.0 = Debug|Any CPU
		{F64D3E02-9E86-4892-AF11-4E36A575490E}.Release|Any CPU.ActiveCfg = Release|Any CPU
		{F64D3E02-9E86-4892-AF11-4E36A575490E}.Release|Any CPU.Build.0 = Release|Any CPU
	EndGlobalSection
	GlobalSection(SolutionProperties) = preSolution
		HideSolutionNode = FALSE
	EndGlobalSection
	GlobalSection(ExtensibilityGlobals) = postSolution
		SolutionGuid = {80C910FC-F99E-4105-88E0-D034DADAF4D8}
	EndGlobalSection
EndGlobal
